lockfileVersion: '9.0'

settings:
  autoInstallPeers: true
  excludeLinksFromLockfile: false

importers:

  .:
    dependencies:
      bootswatch:
        specifier: ^5.3.8
        version: 5.3.8

packages:

  bootswatch@5.3.8:
    resolution: {integrity: sha512-88mnH9tv+x6DV+scBxYFOpM4YSDVhyfEgbhqaEfvkHNctKI9qRcACxIP9nmBZ5mSeLXtsgax1VsRkUs1eWjlAQ==}

snapshots:

  bootswatch@5.3.8: {}
